# ECDAT Deterministic Python Lockfile
# Generated for ECDAT Cryptographic Discovery & Assessment Tool
# Ecosystem: Python 3.12+ (PEP 508 / PEP 665 compliant)
# All direct and transitive dependencies are pinned to exact versions.

# --- Direct Dependencies (declared in requirements.txt) ---
cryptography==50.0.1
cyclonedx-python-lib==11.12.0
groq==1.7.0
jsonschema==4.26.0
pydantic==2.13.5
pytest==9.1.1
pytest-cov==7.1.0
requests==2.34.2
ruff==0.16.6
tree-sitter==0.26.0
tree-sitter-c==0.24.2
tree-sitter-c-sharp==0.23.5
tree-sitter-cpp==0.23.4
tree-sitter-go==0.25.0
tree-sitter-java==0.23.5
tree-sitter-javascript==0.25.0
tree-sitter-kotlin==1.1.0
tree-sitter-rust==0.24.2
tree-sitter-typescript==0.23.2

# --- Transitive Dependencies ---
annotated-types==0.7.0
anyio==4.15.1
attrs==26.1.0
boolean.py==5.0
certifi==2025.11.12
cffi==2.1.1
charset-normalizer==3.4.4
colorama==0.4.6
coverage==7.16.0
defusedxml==0.7.1
distro==1.9.0
h11==0.16.0
httpcore==1.0.9
httpx==0.28.1
idna==3.19
iniconfig==2.3.0
jsonschema-specifications==2025.9.1
license-expression==30.4.4
nassl==5.4.0
packageurl-python==0.17.6
packaging==25.0
pluggy==1.6.0
py-serializable==2.1.0
pycparser==3.0
pydantic-core==2.46.5
pygments==2.21.0
referencing==0.37.0
rpds-py==2026.6.3
sniffio==1.3.1
sortedcontainers==2.4.0
tls-parser==2.0.2
typing-extensions==4.16.0
typing-inspection==0.4.2
urllib3==2.8.0
